{
  "name": "software-security",
  "lockfileVersion": 3,
  "requires": true,
  "packages": {
    "": {
      "dependencies": {
        "sonner": "^2.0.1"
      }
    },
    "node_modules/sonner": {
      "version": "2.0.1",
      "resolved": "https://registry.npmjs.org/sonner/-/sonner-2.0.1.tgz",
      "integrity": "sha512-FRBphaehZ5tLdLcQ8g2WOIRE+Y7BCfWi5Zyd8bCvBjiW8TxxAyoWZIxS661Yz6TGPqFQ4VLzOF89WEYhfynSFQ==",
      "license": "MIT",
      "peerDependencies": {
        "react": "^18.0.0 || ^19.0.0 || ^19.0.0-rc",
        "react-dom": "^18.0.0 || ^19.0.0 || ^19.0.0-rc"
      }
    }
  }
}
